// !$*UTF8*$!
{
	archiveVersion = 1;
	classes = {
	};
	objectVersion = 56;
	objects = {

/* Begin PBXBuildFile section */
		317E20BF1B679EFF0B438519 /* Pods_CatsApp.framework in Frameworks */ = {isa = PBXBuildFile; fileRef = B9341DFA9572A8C1217A8BAB /* Pods_CatsApp.framework */; };
		3F15AEA72BDA8978000EE0A6 /* DetailModuleInput.swift in Sources */ = {isa = PBXBuildFile; fileRef = 3F15AEA62BDA8978000EE0A6 /* DetailModuleInput.swift */; };
		3F15AEA92BDA8988000EE0A6 /* DetailModuleOutput.swift in Sources */ = {isa = PBXBuildFile; fileRef = 3F15AEA82BDA8988000EE0A6 /* DetailModuleOutput.swift */; };
		3F52AC932BE8E7C90055024D /* DetailRouterInput.swift in Sources */ = {isa = PBXBuildFile; fileRef = 3F52AC922BE8E7C90055024D /* DetailRouterInput.swift */; };
		3F52AC952BE901770055024D /* CatInfoEntity.swift in Sources */ = {isa = PBXBuildFile; fileRef = 3F52AC942BE901770055024D /* CatInfoEntity.swift */; };
		3F52AC972BE902740055024D /* CatInfoModel.swift in Sources */ = {isa = PBXBuildFile; fileRef = 3F52AC962BE902740055024D /* CatInfoModel.swift */; };
		3F8BC96D2BCD3ADE0018489B /* NetworkConfiguration.swift in Sources */ = {isa = PBXBuildFile; fileRef = 3F8BC96C2BCD3ADE0018489B /* NetworkConfiguration.swift */; };
		3F8BC9712BCD3C460018489B /* URLStorage.swift in Sources */ = {isa = PBXBuildFile; fileRef = 3F8BC9702BCD3C460018489B /* URLStorage.swift */; };
		3F972F562BCFDDD800B73052 /* DetailRouter.swift in Sources */ = {isa = PBXBuildFile; fileRef = 3F972F552BCFDDD800B73052 /* DetailRouter.swift */; };
		3F972F662BCFF6E600B73052 /* CustomMainTableViewCell.swift in Sources */ = {isa = PBXBuildFile; fileRef = 3F972F642BCFF6E600B73052 /* CustomMainTableViewCell.swift */; };
		3F972F672BCFF6E600B73052 /* CustomMainTableViewCell.xib in Resources */ = {isa = PBXBuildFile; fileRef = 3F972F652BCFF6E600B73052 /* CustomMainTableViewCell.xib */; };
		3FAEE7BC2BCE7BF8007204D2 /* MainModuleConfigurator.swift in Sources */ = {isa = PBXBuildFile; fileRef = 3FAEE7BB2BCE7BF8007204D2 /* MainModuleConfigurator.swift */; };
		3FAEE7BF2BCE7FEC007204D2 /* DetailModuleConfigurator.swift in Sources */ = {isa = PBXBuildFile; fileRef = 3FAEE7BE2BCE7FEC007204D2 /* DetailModuleConfigurator.swift */; };
		3FAEE7C42BCE87F5007204D2 /* MainRouter.swift in Sources */ = {isa = PBXBuildFile; fileRef = 3FAEE7C32BCE87F5007204D2 /* MainRouter.swift */; };
		3FAEE7C62BCE8FC8007204D2 /* ModuleTransitionable.swift in Sources */ = {isa = PBXBuildFile; fileRef = 3FAEE7C52BCE8FC8007204D2 /* ModuleTransitionable.swift */; };
		823D13DD2BD80CB100CCBD53 /* DetailViewInput.swift in Sources */ = {isa = PBXBuildFile; fileRef = 823D13DC2BD80CB100CCBD53 /* DetailViewInput.swift */; };
		823D13DF2BD814CD00CCBD53 /* DetailViewOutput.swift in Sources */ = {isa = PBXBuildFile; fileRef = 823D13DE2BD814CD00CCBD53 /* DetailViewOutput.swift */; };
		823D13E12BD81B1100CCBD53 /* SafeCollection.swift in Sources */ = {isa = PBXBuildFile; fileRef = 823D13E02BD81B1100CCBD53 /* SafeCollection.swift */; };
		823E91D42BC08B9400B8F31D /* AppDelegate.swift in Sources */ = {isa = PBXBuildFile; fileRef = 823E91D32BC08B9400B8F31D /* AppDelegate.swift */; };
		823E91D62BC08B9400B8F31D /* SceneDelegate.swift in Sources */ = {isa = PBXBuildFile; fileRef = 823E91D52BC08B9400B8F31D /* SceneDelegate.swift */; };
		823E91DD2BC08B9900B8F31D /* Assets.xcassets in Resources */ = {isa = PBXBuildFile; fileRef = 823E91DC2BC08B9900B8F31D /* Assets.xcassets */; };
		823E91E02BC08B9900B8F31D /* LaunchScreen.storyboard in Resources */ = {isa = PBXBuildFile; fileRef = 823E91DE2BC08B9900B8F31D /* LaunchScreen.storyboard */; };
		823E91EA2BC08C3200B8F31D /* MainViewController.swift in Sources */ = {isa = PBXBuildFile; fileRef = 823E91E82BC08C3200B8F31D /* MainViewController.swift */; };
		823E91EB2BC08C3200B8F31D /* MainViewController.xib in Resources */ = {isa = PBXBuildFile; fileRef = 823E91E92BC08C3200B8F31D /* MainViewController.xib */; };
		82F9FB662BC0958600C95BD7 /* MainPresenter.swift in Sources */ = {isa = PBXBuildFile; fileRef = 82F9FB652BC0958600C95BD7 /* MainPresenter.swift */; };
		82F9FB692BC09A1500C95BD7 /* CatEntity.swift in Sources */ = {isa = PBXBuildFile; fileRef = 82F9FB682BC09A1500C95BD7 /* CatEntity.swift */; };
		82F9FB6B2BC0A0B400C95BD7 /* NetworkService.swift in Sources */ = {isa = PBXBuildFile; fileRef = 82F9FB6A2BC0A0B300C95BD7 /* NetworkService.swift */; };
		82F9FB782BC3F94800C95BD7 /* ImageLoader.swift in Sources */ = {isa = PBXBuildFile; fileRef = 82F9FB772BC3F94800C95BD7 /* ImageLoader.swift */; };
		82F9FB812BC43A9B00C95BD7 /* DetailViewController.swift in Sources */ = {isa = PBXBuildFile; fileRef = 82F9FB7F2BC43A9B00C95BD7 /* DetailViewController.swift */; };
		82F9FB822BC43A9B00C95BD7 /* DetailViewController.xib in Resources */ = {isa = PBXBuildFile; fileRef = 82F9FB802BC43A9B00C95BD7 /* DetailViewController.xib */; };
		82F9FB842BC43AB900C95BD7 /* DetailPresenter.swift in Sources */ = {isa = PBXBuildFile; fileRef = 82F9FB832BC43AB800C95BD7 /* DetailPresenter.swift */; };
		82F9FB8B2BD7C87A00C95BD7 /* MainViewOutput.swift in Sources */ = {isa = PBXBuildFile; fileRef = 82F9FB8A2BD7C87A00C95BD7 /* MainViewOutput.swift */; };
		82F9FB8D2BD7C93700C95BD7 /* MainViewInput.swift in Sources */ = {isa = PBXBuildFile; fileRef = 82F9FB8C2BD7C93700C95BD7 /* MainViewInput.swift */; };
		82F9FB8F2BD7CC4A00C95BD7 /* CatModel.swift in Sources */ = {isa = PBXBuildFile; fileRef = 82F9FB8E2BD7CC4A00C95BD7 /* CatModel.swift */; };
		82F9FB912BD7DA2200C95BD7 /* UITableRegister.swift in Sources */ = {isa = PBXBuildFile; fileRef = 82F9FB902BD7DA2200C95BD7 /* UITableRegister.swift */; };
		82F9FB932BD7FC2C00C95BD7 /* MainRouterInput.swift in Sources */ = {isa = PBXBuildFile; fileRef = 82F9FB922BD7FC2C00C95BD7 /* MainRouterInput.swift */; };
/* End PBXBuildFile section */

/* Begin PBXFileReference section */
		270E2E1BB1B9517D8BA6C7AA /* Pods-CatsApp.release.xcconfig */ = {isa = PBXFileReference; includeInIndex = 1; lastKnownFileType = text.xcconfig; name = "Pods-CatsApp.release.xcconfig"; path = "Target Support Files/Pods-CatsApp/Pods-CatsApp.release.xcconfig"; sourceTree = "<group>"; };
		3F15AEA62BDA8978000EE0A6 /* DetailModuleInput.swift */ = {isa = PBXFileReference; lastKnownFileType = sourcecode.swift; path = DetailModuleInput.swift; sourceTree = "<group>"; };
		3F15AEA82BDA8988000EE0A6 /* DetailModuleOutput.swift */ = {isa = PBXFileReference; lastKnownFileType = sourcecode.swift; path = DetailModuleOutput.swift; sourceTree = "<group>"; };
		3F52AC922BE8E7C90055024D /* DetailRouterInput.swift */ = {isa = PBXFileReference; lastKnownFileType = sourcecode.swift; path = DetailRouterInput.swift; sourceTree = "<group>"; };
		3F52AC942BE901770055024D /* CatInfoEntity.swift */ = {isa = PBXFileReference; lastKnownFileType = sourcecode.swift; path = CatInfoEntity.swift; sourceTree = "<group>"; };
		3F52AC962BE902740055024D /* CatInfoModel.swift */ = {isa = PBXFileReference; lastKnownFileType = sourcecode.swift; path = CatInfoModel.swift; sourceTree = "<group>"; };
		3F8BC96C2BCD3ADE0018489B /* NetworkConfiguration.swift */ = {isa = PBXFileReference; lastKnownFileType = sourcecode.swift; path = NetworkConfiguration.swift; sourceTree = "<group>"; };
		3F8BC9702BCD3C460018489B /* URLStorage.swift */ = {isa = PBXFileReference; lastKnownFileType = sourcecode.swift; path = URLStorage.swift; sourceTree = "<group>"; };
		3F972F552BCFDDD800B73052 /* DetailRouter.swift */ = {isa = PBXFileReference; lastKnownFileType = sourcecode.swift; path = DetailRouter.swift; sourceTree = "<group>"; };
		3F972F642BCFF6E600B73052 /* CustomMainTableViewCell.swift */ = {isa = PBXFileReference; lastKnownFileType = sourcecode.swift; path = CustomMainTableViewCell.swift; sourceTree = "<group>"; };
		3F972F652BCFF6E600B73052 /* CustomMainTableViewCell.xib */ = {isa = PBXFileReference; lastKnownFileType = file.xib; path = CustomMainTableViewCell.xib; sourceTree = "<group>"; };
		3FAEE7BB2BCE7BF8007204D2 /* MainModuleConfigurator.swift */ = {isa = PBXFileReference; lastKnownFileType = sourcecode.swift; path = MainModuleConfigurator.swift; sourceTree = "<group>"; };
		3FAEE7BE2BCE7FEC007204D2 /* DetailModuleConfigurator.swift */ = {isa = PBXFileReference; lastKnownFileType = sourcecode.swift; path = DetailModuleConfigurator.swift; sourceTree = "<group>"; };
		3FAEE7C32BCE87F5007204D2 /* MainRouter.swift */ = {isa = PBXFileReference; lastKnownFileType = sourcecode.swift; path = MainRouter.swift; sourceTree = "<group>"; };
		3FAEE7C52BCE8FC8007204D2 /* ModuleTransitionable.swift */ = {isa = PBXFileReference; lastKnownFileType = sourcecode.swift; path = ModuleTransitionable.swift; sourceTree = "<group>"; };
		823D13DC2BD80CB100CCBD53 /* DetailViewInput.swift */ = {isa = PBXFileReference; lastKnownFileType = sourcecode.swift; path = DetailViewInput.swift; sourceTree = "<group>"; };
		823D13DE2BD814CD00CCBD53 /* DetailViewOutput.swift */ = {isa = PBXFileReference; lastKnownFileType = sourcecode.swift; path = DetailViewOutput.swift; sourceTree = "<group>"; };
		823D13E02BD81B1100CCBD53 /* SafeCollection.swift */ = {isa = PBXFileReference; lastKnownFileType = sourcecode.swift; path = SafeCollection.swift; sourceTree = "<group>"; };
		823E91D02BC08B9400B8F31D /* CatsApp.app */ = {isa = PBXFileReference; explicitFileType = wrapper.application; includeInIndex = 0; path = CatsApp.app; sourceTree = BUILT_PRODUCTS_DIR; };
		823E91D32BC08B9400B8F31D /* AppDelegate.swift */ = {isa = PBXFileReference; lastKnownFileType = sourcecode.swift; path = AppDelegate.swift; sourceTree = "<group>"; };
		823E91D52BC08B9400B8F31D /* SceneDelegate.swift */ = {isa = PBXFileReference; lastKnownFileType = sourcecode.swift; path = SceneDelegate.swift; sourceTree = "<group>"; };
		823E91DC2BC08B9900B8F31D /* Assets.xcassets */ = {isa = PBXFileReference; lastKnownFileType = folder.assetcatalog; path = Assets.xcassets; sourceTree = "<group>"; };
		823E91DF2BC08B9900B8F31D /* Base */ = {isa = PBXFileReference; lastKnownFileType = file.storyboard; name = Base; path = Base.lproj/LaunchScreen.storyboard; sourceTree = "<group>"; };
		823E91E12BC08B9900B8F31D /* Info.plist */ = {isa = PBXFileReference; lastKnownFileType = text.plist.xml; path = Info.plist; sourceTree = "<group>"; };
		823E91E82BC08C3200B8F31D /* MainViewController.swift */ = {isa = PBXFileReference; lastKnownFileType = sourcecode.swift; path = MainViewController.swift; sourceTree = "<group>"; };
		823E91E92BC08C3200B8F31D /* MainViewController.xib */ = {isa = PBXFileReference; lastKnownFileType = file.xib; path = MainViewController.xib; sourceTree = "<group>"; };
		82F9FB652BC0958600C95BD7 /* MainPresenter.swift */ = {isa = PBXFileReference; lastKnownFileType = sourcecode.swift; path = MainPresenter.swift; sourceTree = "<group>"; };
		82F9FB682BC09A1500C95BD7 /* CatEntity.swift */ = {isa = PBXFileReference; lastKnownFileType = sourcecode.swift; path = CatEntity.swift; sourceTree = "<group>"; };
		82F9FB6A2BC0A0B300C95BD7 /* NetworkService.swift */ = {isa = PBXFileReference; lastKnownFileType = sourcecode.swift; path = NetworkService.swift; sourceTree = "<group>"; };
		82F9FB772BC3F94800C95BD7 /* ImageLoader.swift */ = {isa = PBXFileReference; lastKnownFileType = sourcecode.swift; path = ImageLoader.swift; sourceTree = "<group>"; };
		82F9FB7F2BC43A9B00C95BD7 /* DetailViewController.swift */ = {isa = PBXFileReference; lastKnownFileType = sourcecode.swift; path = DetailViewController.swift; sourceTree = "<group>"; };
		82F9FB802BC43A9B00C95BD7 /* DetailViewController.xib */ = {isa = PBXFileReference; lastKnownFileType = file.xib; path = DetailViewController.xib; sourceTree = "<group>"; };
		82F9FB832BC43AB800C95BD7 /* DetailPresenter.swift */ = {isa = PBXFileReference; lastKnownFileType = sourcecode.swift; path = DetailPresenter.swift; sourceTree = "<group>"; };
		82F9FB8A2BD7C87A00C95BD7 /* MainViewOutput.swift */ = {isa = PBXFileReference; lastKnownFileType = sourcecode.swift; path = MainViewOutput.swift; sourceTree = "<group>"; };
		82F9FB8C2BD7C93700C95BD7 /* MainViewInput.swift */ = {isa = PBXFileReference; lastKnownFileType = sourcecode.swift; path = MainViewInput.swift; sourceTree = "<group>"; };
		82F9FB8E2BD7CC4A00C95BD7 /* CatModel.swift */ = {isa = PBXFileReference; lastKnownFileType = sourcecode.swift; path = CatModel.swift; sourceTree = "<group>"; };
		82F9FB902BD7DA2200C95BD7 /* UITableRegister.swift */ = {isa = PBXFileReference; lastKnownFileType = sourcecode.swift; path = UITableRegister.swift; sourceTree = "<group>"; };
		82F9FB922BD7FC2C00C95BD7 /* MainRouterInput.swift */ = {isa = PBXFileReference; lastKnownFileType = sourcecode.swift; path = MainRouterInput.swift; sourceTree = "<group>"; };
		B9341DFA9572A8C1217A8BAB /* Pods_CatsApp.framework */ = {isa = PBXFileReference; explicitFileType = wrapper.framework; includeInIndex = 0; path = Pods_CatsApp.framework; sourceTree = BUILT_PRODUCTS_DIR; };
		FDE933943516E50CFDF3D819 /* Pods-CatsApp.debug.xcconfig */ = {isa = PBXFileReference; includeInIndex = 1; lastKnownFileType = text.xcconfig; name = "Pods-CatsApp.debug.xcconfig"; path = "Target Support Files/Pods-CatsApp/Pods-CatsApp.debug.xcconfig"; sourceTree = "<group>"; };
/* End PBXFileReference section */

/* Begin PBXFrameworksBuildPhase section */
		823E91CD2BC08B9400B8F31D /* Frameworks */ = {
			isa = PBXFrameworksBuildPhase;
			buildActionMask = 2147483647;
			files = (
				317E20BF1B679EFF0B438519 /* Pods_CatsApp.framework in Frameworks */,
			);
			runOnlyForDeploymentPostprocessing = 0;
		};
/* End PBXFrameworksBuildPhase section */

/* Begin PBXGroup section */
		02DDEACBAB0B3DC393992EF2 /* Frameworks */ = {
			isa = PBXGroup;
			children = (
				B9341DFA9572A8C1217A8BAB /* Pods_CatsApp.framework */,
			);
			name = Frameworks;
			sourceTree = "<group>";
		};
		3F972F542BCFDDCC00B73052 /* Router */ = {
			isa = PBXGroup;
			children = (
				3F972F552BCFDDD800B73052 /* DetailRouter.swift */,
				3F52AC922BE8E7C90055024D /* DetailRouterInput.swift */,
			);
			path = Router;
			sourceTree = "<group>";
		};
		3F972F5B2BCFE1BB00B73052 /* Cell */ = {
			isa = PBXGroup;
			children = (
				3F972F642BCFF6E600B73052 /* CustomMainTableViewCell.swift */,
				3F972F652BCFF6E600B73052 /* CustomMainTableViewCell.xib */,
			);
			path = Cell;
			sourceTree = "<group>";
		};
		3FAEE7BA2BCE7BCE007204D2 /* Configurator */ = {
			isa = PBXGroup;
			children = (
				3FAEE7BB2BCE7BF8007204D2 /* MainModuleConfigurator.swift */,
			);
			path = Configurator;
			sourceTree = "<group>";
		};
		3FAEE7BD2BCE7FB3007204D2 /* Configurator */ = {
			isa = PBXGroup;
			children = (
				3FAEE7BE2BCE7FEC007204D2 /* DetailModuleConfigurator.swift */,
			);
			path = Configurator;
			sourceTree = "<group>";
		};
		3FAEE7C02BCE878C007204D2 /* Router */ = {
			isa = PBXGroup;
			children = (
				3FAEE7C32BCE87F5007204D2 /* MainRouter.swift */,
				82F9FB922BD7FC2C00C95BD7 /* MainRouterInput.swift */,
			);
			path = Router;
			sourceTree = "<group>";
		};
		823D13DB2BD80AE800CCBD53 /* Model */ = {
			isa = PBXGroup;
			children = (
				82F9FB682BC09A1500C95BD7 /* CatEntity.swift */,
				3F52AC942BE901770055024D /* CatInfoEntity.swift */,
			);
			path = Model;
			sourceTree = "<group>";
		};
		823E91C72BC08B9400B8F31D = {
			isa = PBXGroup;
			children = (
				823E91D22BC08B9400B8F31D /* CatsApp */,
				823E91D12BC08B9400B8F31D /* Products */,
				9D03C067600529CF5C9E80AB /* Pods */,
				02DDEACBAB0B3DC393992EF2 /* Frameworks */,
			);
			sourceTree = "<group>";
		};
		823E91D12BC08B9400B8F31D /* Products */ = {
			isa = PBXGroup;
			children = (
				823E91D02BC08B9400B8F31D /* CatsApp.app */,
			);
			name = Products;
			sourceTree = "<group>";
		};
		823E91D22BC08B9400B8F31D /* CatsApp */ = {
			isa = PBXGroup;
			children = (
				823E91E72BC08BE800B8F31D /* MainModule */,
				82F9FB7B2BC43A4F00C95BD7 /* DetailModule */,
				82F9FB892BC73B7900C95BD7 /* Extensions */,
				82F9FB6E2BC3EEFE00C95BD7 /* Networking */,
				823E91D32BC08B9400B8F31D /* AppDelegate.swift */,
				823E91D52BC08B9400B8F31D /* SceneDelegate.swift */,
				3FAEE7C52BCE8FC8007204D2 /* ModuleTransitionable.swift */,
				823E91DC2BC08B9900B8F31D /* Assets.xcassets */,
				823E91DE2BC08B9900B8F31D /* LaunchScreen.storyboard */,
				823E91E12BC08B9900B8F31D /* Info.plist */,
			);
			path = CatsApp;
			sourceTree = "<group>";
		};
		823E91E72BC08BE800B8F31D /* MainModule */ = {
			isa = PBXGroup;
			children = (
				3FAEE7C02BCE878C007204D2 /* Router */,
				3FAEE7BA2BCE7BCE007204D2 /* Configurator */,
				82F9FB672BC097AC00C95BD7 /* Model */,
				82F9FB632BC0955C00C95BD7 /* View */,
				82F9FB642BC0956600C95BD7 /* Presenter */,
			);
			path = MainModule;
			sourceTree = "<group>";
		};
		82F9FB632BC0955C00C95BD7 /* View */ = {
			isa = PBXGroup;
			children = (
				3F972F5B2BCFE1BB00B73052 /* Cell */,
				823E91E82BC08C3200B8F31D /* MainViewController.swift */,
				823E91E92BC08C3200B8F31D /* MainViewController.xib */,
				82F9FB8C2BD7C93700C95BD7 /* MainViewInput.swift */,
				82F9FB8A2BD7C87A00C95BD7 /* MainViewOutput.swift */,
			);
			path = View;
			sourceTree = "<group>";
		};
		82F9FB642BC0956600C95BD7 /* Presenter */ = {
			isa = PBXGroup;
			children = (
				82F9FB652BC0958600C95BD7 /* MainPresenter.swift */,
			);
			path = Presenter;
			sourceTree = "<group>";
		};
		82F9FB672BC097AC00C95BD7 /* Model */ = {
			isa = PBXGroup;
			children = (
				82F9FB8E2BD7CC4A00C95BD7 /* CatModel.swift */,
			);
			path = Model;
			sourceTree = "<group>";
		};
		82F9FB6E2BC3EEFE00C95BD7 /* Networking */ = {
			isa = PBXGroup;
			children = (
				823D13DB2BD80AE800CCBD53 /* Model */,
				82F9FB6A2BC0A0B300C95BD7 /* NetworkService.swift */,
				3F8BC96C2BCD3ADE0018489B /* NetworkConfiguration.swift */,
				82F9FB772BC3F94800C95BD7 /* ImageLoader.swift */,
				3F8BC9702BCD3C460018489B /* URLStorage.swift */,
			);
			path = Networking;
			sourceTree = "<group>";
		};
		82F9FB7B2BC43A4F00C95BD7 /* DetailModule */ = {
			isa = PBXGroup;
			children = (
				3F972F542BCFDDCC00B73052 /* Router */,
				3FAEE7BD2BCE7FB3007204D2 /* Configurator */,
				82F9FB7C2BC43A6200C95BD7 /* Model */,
				82F9FB7D2BC43A6900C95BD7 /* View */,
				82F9FB7E2BC43A6E00C95BD7 /* Presenter */,
			);
			path = DetailModule;
			sourceTree = "<group>";
		};
		82F9FB7C2BC43A6200C95BD7 /* Model */ = {
			isa = PBXGroup;
			children = (
				3F52AC962BE902740055024D /* CatInfoModel.swift */,
			);
			path = Model;
			sourceTree = "<group>";
		};
		82F9FB7D2BC43A6900C95BD7 /* View */ = {
			isa = PBXGroup;
			children = (
				82F9FB7F2BC43A9B00C95BD7 /* DetailViewController.swift */,
				82F9FB802BC43A9B00C95BD7 /* DetailViewController.xib */,
				823D13DC2BD80CB100CCBD53 /* DetailViewInput.swift */,
				823D13DE2BD814CD00CCBD53 /* DetailViewOutput.swift */,
			);
			path = View;
			sourceTree = "<group>";
		};
		82F9FB7E2BC43A6E00C95BD7 /* Presenter */ = {
			isa = PBXGroup;
			children = (
				82F9FB832BC43AB800C95BD7 /* DetailPresenter.swift */,
				3F15AEA62BDA8978000EE0A6 /* DetailModuleInput.swift */,
				3F15AEA82BDA8988000EE0A6 /* DetailModuleOutput.swift */,
			);
			path = Presenter;
			sourceTree = "<group>";
		};
		82F9FB892BC73B7900C95BD7 /* Extensions */ = {
			isa = PBXGroup;
			children = (
				82F9FB902BD7DA2200C95BD7 /* UITableRegister.swift */,
				823D13E02BD81B1100CCBD53 /* SafeCollection.swift */,
			);
			path = Extensions;
			sourceTree = "<group>";
		};
		9D03C067600529CF5C9E80AB /* Pods */ = {
			isa = PBXGroup;
			children = (
				FDE933943516E50CFDF3D819 /* Pods-CatsApp.debug.xcconfig */,
				270E2E1BB1B9517D8BA6C7AA /* Pods-CatsApp.release.xcconfig */,
			);
			name = Pods;
			path = Pods;
			sourceTree = "<group>";
		};
/* End PBXGroup section */

/* Begin PBXNativeTarget section */
		823E91CF2BC08B9400B8F31D /* CatsApp */ = {
			isa = PBXNativeTarget;
			buildConfigurationList = 823E91E42BC08B9900B8F31D /* Build configuration list for PBXNativeTarget "CatsApp" */;
			buildPhases = (
				961246F630726A2881D855A0 /* [CP] Check Pods Manifest.lock */,
				823E91CC2BC08B9400B8F31D /* Sources */,
				823E91CD2BC08B9400B8F31D /* Frameworks */,
				823E91CE2BC08B9400B8F31D /* Resources */,
				DC2FED77ECEE8CFAD2E703C0 /* [CP] Embed Pods Frameworks */,
			);
			buildRules = (
			);
			dependencies = (
			);
			name = CatsApp;
			productName = CatsApp;
			productReference = 823E91D02BC08B9400B8F31D /* CatsApp.app */;
			productType = "com.apple.product-type.application";
		};
/* End PBXNativeTarget section */

/* Begin PBXProject section */
		823E91C82BC08B9400B8F31D /* Project object */ = {
			isa = PBXProject;
			attributes = {
				BuildIndependentTargetsInParallel = 1;
				LastSwiftUpdateCheck = 1430;
				LastUpgradeCheck = 1430;
				TargetAttributes = {
					823E91CF2BC08B9400B8F31D = {
						CreatedOnToolsVersion = 14.3.1;
					};
				};
			};
			buildConfigurationList = 823E91CB2BC08B9400B8F31D /* Build configuration list for PBXProject "CatsApp" */;
			compatibilityVersion = "Xcode 14.0";
			developmentRegion = en;
			hasScannedForEncodings = 0;
			knownRegions = (
				en,
				Base,
			);
			mainGroup = 823E91C72BC08B9400B8F31D;
			productRefGroup = 823E91D12BC08B9400B8F31D /* Products */;
			projectDirPath = "";
			projectRoot = "";
			targets = (
				823E91CF2BC08B9400B8F31D /* CatsApp */,
			);
		};
/* End PBXProject section */

/* Begin PBXResourcesBuildPhase section */
		823E91CE2BC08B9400B8F31D /* Resources */ = {
			isa = PBXResourcesBuildPhase;
			buildActionMask = 2147483647;
			files = (
				823E91E02BC08B9900B8F31D /* LaunchScreen.storyboard in Resources */,
				823E91EB2BC08C3200B8F31D /* MainViewController.xib in Resources */,
				823E91DD2BC08B9900B8F31D /* Assets.xcassets in Resources */,
				3F972F672BCFF6E600B73052 /* CustomMainTableViewCell.xib in Resources */,
				82F9FB822BC43A9B00C95BD7 /* DetailViewController.xib in Resources */,
			);
			runOnlyForDeploymentPostprocessing = 0;
		};
/* End PBXResourcesBuildPhase section */

/* Begin PBXShellScriptBuildPhase section */
		961246F630726A2881D855A0 /* [CP] Check Pods Manifest.lock */ = {
			isa = PBXShellScriptBuildPhase;
			buildActionMask = 2147483647;
			files = (
			);
			inputFileListPaths = (
			);
			inputPaths = (
				"${PODS_PODFILE_DIR_PATH}/Podfile.lock",
				"${PODS_ROOT}/Manifest.lock",
			);
			name = "[CP] Check Pods Manifest.lock";
			outputFileListPaths = (
			);
			outputPaths = (
				"$(DERIVED_FILE_DIR)/Pods-CatsApp-checkManifestLockResult.txt",
			);
			runOnlyForDeploymentPostprocessing = 0;
			shellPath = /bin/sh;
			shellScript = "diff \"${PODS_PODFILE_DIR_PATH}/Podfile.lock\" \"${PODS_ROOT}/Manifest.lock\" > /dev/null\nif [ $? != 0 ] ; then\n    # print error to STDERR\n    echo \"error: The sandbox is not in sync with the Podfile.lock. Run 'pod install' or update your CocoaPods installation.\" >&2\n    exit 1\nfi\n# This output is used by Xcode 'outputs' to avoid re-running this script phase.\necho \"SUCCESS\" > \"${SCRIPT_OUTPUT_FILE_0}\"\n";
			showEnvVarsInLog = 0;
		};
		DC2FED77ECEE8CFAD2E703C0 /* [CP] Embed Pods Frameworks */ = {
			isa = PBXShellScriptBuildPhase;
			buildActionMask = 2147483647;
			files = (
			);
			inputFileListPaths = (
				"${PODS_ROOT}/Target Support Files/Pods-CatsApp/Pods-CatsApp-frameworks-${CONFIGURATION}-input-files.xcfilelist",
			);
			name = "[CP] Embed Pods Frameworks";
			outputFileListPaths = (
				"${PODS_ROOT}/Target Support Files/Pods-CatsApp/Pods-CatsApp-frameworks-${CONFIGURATION}-output-files.xcfilelist",
			);
			runOnlyForDeploymentPostprocessing = 0;
			shellPath = /bin/sh;
			shellScript = "\"${PODS_ROOT}/Target Support Files/Pods-CatsApp/Pods-CatsApp-frameworks.sh\"\n";
			showEnvVarsInLog = 0;
		};
/* End PBXShellScriptBuildPhase section */

/* Begin PBXSourcesBuildPhase section */
		823E91CC2BC08B9400B8F31D /* Sources */ = {
			isa = PBXSourcesBuildPhase;
			buildActionMask = 2147483647;
			files = (
				823E91EA2BC08C3200B8F31D /* MainViewController.swift in Sources */,
				3FAEE7C62BCE8FC8007204D2 /* ModuleTransitionable.swift in Sources */,
				823E91D42BC08B9400B8F31D /* AppDelegate.swift in Sources */,
				3FAEE7BF2BCE7FEC007204D2 /* DetailModuleConfigurator.swift in Sources */,
				823D13E12BD81B1100CCBD53 /* SafeCollection.swift in Sources */,
				823D13DD2BD80CB100CCBD53 /* DetailViewInput.swift in Sources */,
				82F9FB692BC09A1500C95BD7 /* CatEntity.swift in Sources */,
				3F972F662BCFF6E600B73052 /* CustomMainTableViewCell.swift in Sources */,
				82F9FB8F2BD7CC4A00C95BD7 /* CatModel.swift in Sources */,
				82F9FB8D2BD7C93700C95BD7 /* MainViewInput.swift in Sources */,
				3FAEE7BC2BCE7BF8007204D2 /* MainModuleConfigurator.swift in Sources */,
				82F9FB842BC43AB900C95BD7 /* DetailPresenter.swift in Sources */,
				823E91D62BC08B9400B8F31D /* SceneDelegate.swift in Sources */,
				3F52AC932BE8E7C90055024D /* DetailRouterInput.swift in Sources */,
				82F9FB8B2BD7C87A00C95BD7 /* MainViewOutput.swift in Sources */,
				3F15AEA72BDA8978000EE0A6 /* DetailModuleInput.swift in Sources */,
				82F9FB782BC3F94800C95BD7 /* ImageLoader.swift in Sources */,
				3F972F562BCFDDD800B73052 /* DetailRouter.swift in Sources */,
				3F52AC972BE902740055024D /* CatInfoModel.swift in Sources */,
				82F9FB812BC43A9B00C95BD7 /* DetailViewController.swift in Sources */,
				82F9FB6B2BC0A0B400C95BD7 /* NetworkService.swift in Sources */,
				3F8BC9712BCD3C460018489B /* URLStorage.swift in Sources */,
				3F8BC96D2BCD3ADE0018489B /* NetworkConfiguration.swift in Sources */,
				82F9FB662BC0958600C95BD7 /* MainPresenter.swift in Sources */,
				823D13DF2BD814CD00CCBD53 /* DetailViewOutput.swift in Sources */,
				82F9FB912BD7DA2200C95BD7 /* UITableRegister.swift in Sources */,
				82F9FB932BD7FC2C00C95BD7 /* MainRouterInput.swift in Sources */,
				3F52AC952BE901770055024D /* CatInfoEntity.swift in Sources */,
				3FAEE7C42BCE87F5007204D2 /* MainRouter.swift in Sources */,
				3F15AEA92BDA8988000EE0A6 /* DetailModuleOutput.swift in Sources */,
			);
			runOnlyForDeploymentPostprocessing = 0;
		};
/* End PBXSourcesBuildPhase section */

/* Begin PBXVariantGroup section */
		823E91DE2BC08B9900B8F31D /* LaunchScreen.storyboard */ = {
			isa = PBXVariantGroup;
			children = (
				823E91DF2BC08B9900B8F31D /* Base */,
			);
			name = LaunchScreen.storyboard;
			sourceTree = "<group>";
		};
/* End PBXVariantGroup section */

/* Begin XCBuildConfiguration section */
		823E91E22BC08B9900B8F31D /* Debug */ = {
			isa = XCBuildConfiguration;
			buildSettings = {
				ALWAYS_SEARCH_USER_PATHS = NO;
				CLANG_ANALYZER_NONNULL = YES;
				CLANG_ANALYZER_NUMBER_OBJECT_CONVERSION = YES_AGGRESSIVE;
				CLANG_CXX_LANGUAGE_STANDARD = "gnu++20";
				CLANG_ENABLE_MODULES = YES;
				CLANG_ENABLE_OBJC_ARC = YES;
				CLANG_ENABLE_OBJC_WEAK = YES;
				CLANG_WARN_BLOCK_CAPTURE_AUTORELEASING = YES;
				CLANG_WARN_BOOL_CONVERSION = YES;
				CLANG_WARN_COMMA = YES;
				CLANG_WARN_CONSTANT_CONVERSION = YES;
				CLANG_WARN_DEPRECATED_OBJC_IMPLEMENTATIONS = YES;
				CLANG_WARN_DIRECT_OBJC_ISA_USAGE = YES_ERROR;
				CLANG_WARN_DOCUMENTATION_COMMENTS = YES;
				CLANG_WARN_EMPTY_BODY = YES;
				CLANG_WARN_ENUM_CONVERSION = YES;
				CLANG_WARN_INFINITE_RECURSION = YES;
				CLANG_WARN_INT_CONVERSION = YES;
				CLANG_WARN_NON_LITERAL_NULL_CONVERSION = YES;
				CLANG_WARN_OBJC_IMPLICIT_RETAIN_SELF = YES;
				CLANG_WARN_OBJC_LITERAL_CONVERSION = YES;
				CLANG_WARN_OBJC_ROOT_CLASS = YES_ERROR;
				CLANG_WARN_QUOTED_INCLUDE_IN_FRAMEWORK_HEADER = YES;
				CLANG_WARN_RANGE_LOOP_ANALYSIS = YES;
				CLANG_WARN_STRICT_PROTOTYPES = YES;
				CLANG_WARN_SUSPICIOUS_MOVE = YES;
				CLANG_WARN_UNGUARDED_AVAILABILITY = YES_AGGRESSIVE;
				CLANG_WARN_UNREACHABLE_CODE = YES;
				CLANG_WARN__DUPLICATE_METHOD_MATCH = YES;
				COPY_PHASE_STRIP = NO;
				DEBUG_INFORMATION_FORMAT = dwarf;
				ENABLE_STRICT_OBJC_MSGSEND = YES;
				ENABLE_TESTABILITY = YES;
				GCC_C_LANGUAGE_STANDARD = gnu11;
				GCC_DYNAMIC_NO_PIC = NO;
				GCC_NO_COMMON_BLOCKS = YES;
				GCC_OPTIMIZATION_LEVEL = 0;
				GCC_PREPROCESSOR_DEFINITIONS = (
					"DEBUG=1",
					"$(inherited)",
				);
				GCC_WARN_64_TO_32_BIT_CONVERSION = YES;
				GCC_WARN_ABOUT_RETURN_TYPE = YES_ERROR;
				GCC_WARN_UNDECLARED_SELECTOR = YES;
				GCC_WARN_UNINITIALIZED_AUTOS = YES_AGGRESSIVE;
				GCC_WARN_UNUSED_FUNCTION = YES;
				GCC_WARN_UNUSED_VARIABLE = YES;
				IPHONEOS_DEPLOYMENT_TARGET = 16.4;
				MTL_ENABLE_DEBUG_INFO = INCLUDE_SOURCE;
				MTL_FAST_MATH = YES;
				ONLY_ACTIVE_ARCH = YES;
				SDKROOT = iphoneos;
				SWIFT_ACTIVE_COMPILATION_CONDITIONS = DEBUG;
				SWIFT_OPTIMIZATION_LEVEL = "-Onone";
			};
			name = Debug;
		};
		823E91E32BC08B9900B8F31D /* Release */ = {
			isa = XCBuildConfiguration;
			buildSettings = {
				ALWAYS_SEARCH_USER_PATHS = NO;
				CLANG_ANALYZER_NONNULL = YES;
				CLANG_ANALYZER_NUMBER_OBJECT_CONVERSION = YES_AGGRESSIVE;
				CLANG_CXX_LANGUAGE_STANDARD = "gnu++20";
				CLANG_ENABLE_MODULES = YES;
				CLANG_ENABLE_OBJC_ARC = YES;
				CLANG_ENABLE_OBJC_WEAK = YES;
				CLANG_WARN_BLOCK_CAPTURE_AUTORELEASING = YES;
				CLANG_WARN_BOOL_CONVERSION = YES;
				CLANG_WARN_COMMA = YES;
				CLANG_WARN_CONSTANT_CONVERSION = YES;
				CLANG_WARN_DEPRECATED_OBJC_IMPLEMENTATIONS = YES;
				CLANG_WARN_DIRECT_OBJC_ISA_USAGE = YES_ERROR;
				CLANG_WARN_DOCUMENTATION_COMMENTS = YES;
				CLANG_WARN_EMPTY_BODY = YES;
				CLANG_WARN_ENUM_CONVERSION = YES;
				CLANG_WARN_INFINITE_RECURSION = YES;
				CLANG_WARN_INT_CONVERSION = YES;
				CLANG_WARN_NON_LITERAL_NULL_CONVERSION = YES;
				CLANG_WARN_OBJC_IMPLICIT_RETAIN_SELF = YES;
				CLANG_WARN_OBJC_LITERAL_CONVERSION = YES;
				CLANG_WARN_OBJC_ROOT_CLASS = YES_ERROR;
				CLANG_WARN_QUOTED_INCLUDE_IN_FRAMEWORK_HEADER = YES;
				CLANG_WARN_RANGE_LOOP_ANALYSIS = YES;
				CLANG_WARN_STRICT_PROTOTYPES = YES;
				CLANG_WARN_SUSPICIOUS_MOVE = YES;
				CLANG_WARN_UNGUARDED_AVAILABILITY = YES_AGGRESSIVE;
				CLANG_WARN_UNREACHABLE_CODE = YES;
				CLANG_WARN__DUPLICATE_METHOD_MATCH = YES;
				COPY_PHASE_STRIP = NO;
				DEBUG_INFORMATION_FORMAT = "dwarf-with-dsym";
				ENABLE_NS_ASSERTIONS = NO;
				ENABLE_STRICT_OBJC_MSGSEND = YES;
				GCC_C_LANGUAGE_STANDARD = gnu11;
				GCC_NO_COMMON_BLOCKS = YES;
				GCC_WARN_64_TO_32_BIT_CONVERSION = YES;
				GCC_WARN_ABOUT_RETURN_TYPE = YES_ERROR;
				GCC_WARN_UNDECLARED_SELECTOR = YES;
				GCC_WARN_UNINITIALIZED_AUTOS = YES_AGGRESSIVE;
				GCC_WARN_UNUSED_FUNCTION = YES;
				GCC_WARN_UNUSED_VARIABLE = YES;
				IPHONEOS_DEPLOYMENT_TARGET = 16.4;
				MTL_ENABLE_DEBUG_INFO = NO;
				MTL_FAST_MATH = YES;
				SDKROOT = iphoneos;
				SWIFT_COMPILATION_MODE = wholemodule;
				SWIFT_OPTIMIZATION_LEVEL = "-O";
				VALIDATE_PRODUCT = YES;
			};
			name = Release;
		};
		823E91E52BC08B9900B8F31D /* Debug */ = {
			isa = XCBuildConfiguration;
			baseConfigurationReference = FDE933943516E50CFDF3D819 /* Pods-CatsApp.debug.xcconfig */;
			buildSettings = {
				ASSETCATALOG_COMPILER_APPICON_NAME = AppIcon;
				ASSETCATALOG_COMPILER_GLOBAL_ACCENT_COLOR_NAME = AccentColor;
				CODE_SIGN_STYLE = Automatic;
				CURRENT_PROJECT_VERSION = 1;
				DEVELOPMENT_TEAM = AQ3XW8R4J3;
				GENERATE_INFOPLIST_FILE = YES;
				INFOPLIST_FILE = CatsApp/Info.plist;
				INFOPLIST_KEY_UIApplicationSupportsIndirectInputEvents = YES;
				INFOPLIST_KEY_UILaunchStoryboardName = LaunchScreen;
				INFOPLIST_KEY_UISupportedInterfaceOrientations_iPad = "UIInterfaceOrientationPortrait UIInterfaceOrientationPortraitUpsideDown UIInterfaceOrientationLandscapeLeft UIInterfaceOrientationLandscapeRight";
				INFOPLIST_KEY_UISupportedInterfaceOrientations_iPhone = "UIInterfaceOrientationPortrait UIInterfaceOrientationLandscapeLeft UIInterfaceOrientationLandscapeRight";
				LD_RUNPATH_SEARCH_PATHS = (
					"$(inherited)",
					"@executable_path/Frameworks",
				);
				MARKETING_VERSION = 1.0;
				PRODUCT_BUNDLE_IDENTIFIER = "ya-princ-ev.CatsApp";
				PRODUCT_NAME = "$(TARGET_NAME)";
				SWIFT_EMIT_LOC_STRINGS = YES;
				SWIFT_VERSION = 5.0;
				TARGETED_DEVICE_FAMILY = "1,2";
			};
			name = Debug;
		};
		823E91E62BC08B9900B8F31D /* Release */ = {
			isa = XCBuildConfiguration;
			baseConfigurationReference = 270E2E1BB1B9517D8BA6C7AA /* Pods-CatsApp.release.xcconfig */;
			buildSettings = {
				ASSETCATALOG_COMPILER_APPICON_NAME = AppIcon;
				ASSETCATALOG_COMPILER_GLOBAL_ACCENT_COLOR_NAME = AccentColor;
				CODE_SIGN_STYLE = Automatic;
				CURRENT_PROJECT_VERSION = 1;
				DEVELOPMENT_TEAM = AQ3XW8R4J3;
				GENERATE_INFOPLIST_FILE = YES;
				INFOPLIST_FILE = CatsApp/Info.plist;
				INFOPLIST_KEY_UIApplicationSupportsIndirectInputEvents = YES;
				INFOPLIST_KEY_UILaunchStoryboardName = LaunchScreen;
				INFOPLIST_KEY_UISupportedInterfaceOrientations_iPad = "UIInterfaceOrientationPortrait UIInterfaceOrientationPortraitUpsideDown UIInterfaceOrientationLandscapeLeft UIInterfaceOrientationLandscapeRight";
				INFOPLIST_KEY_UISupportedInterfaceOrientations_iPhone = "UIInterfaceOrientationPortrait UIInterfaceOrientationLandscapeLeft UIInterfaceOrientationLandscapeRight";
				LD_RUNPATH_SEARCH_PATHS = (
					"$(inherited)",
					"@executable_path/Frameworks",
				);
				MARKETING_VERSION = 1.0;
				PRODUCT_BUNDLE_IDENTIFIER = "ya-princ-ev.CatsApp";
				PRODUCT_NAME = "$(TARGET_NAME)";
				SWIFT_EMIT_LOC_STRINGS = YES;
				SWIFT_VERSION = 5.0;
				TARGETED_DEVICE_FAMILY = "1,2";
			};
			name = Release;
		};
/* End XCBuildConfiguration section */

/* Begin XCConfigurationList section */
		823E91CB2BC08B9400B8F31D /* Build configuration list for PBXProject "CatsApp" */ = {
			isa = XCConfigurationList;
			buildConfigurations = (
				823E91E22BC08B9900B8F31D /* Debug */,
				823E91E32BC08B9900B8F31D /* Release */,
			);
			defaultConfigurationIsVisible = 0;
			defaultConfigurationName = Release;
		};
		823E91E42BC08B9900B8F31D /* Build configuration list for PBXNativeTarget "CatsApp" */ = {
			isa = XCConfigurationList;
			buildConfigurations = (
				823E91E52BC08B9900B8F31D /* Debug */,
				823E91E62BC08B9900B8F31D /* Release */,
			);
			defaultConfigurationIsVisible = 0;
			defaultConfigurationName = Release;
		};
/* End XCConfigurationList section */
	};
	rootObject = 823E91C82BC08B9400B8F31D /* Project object */;
}
